
Microsoft Visual Studio Solution File, Format Version 10.00
# Visual C# Express 2008
Project("{FAE04EC0-301F-11D3-BF4B-00C04F79EFBC}") = "GContactsSync", "GContactsSync\GContactsSync.csproj", "{8A8F3E6B-B0F1-414C-8278-DF9B8178C2EF}"
EndProject
Project("{FAE04EC0-301F-11D3-BF4B-00C04F79EFBC}") = "GContactsSyncAddin", "GContactsSyncAddin\GContactsSyncAddin.csproj", "{49B1084F-539C-4A54-95CC-6870FFB7E6F2}"
EndProject
Project("{FAE04EC0-301F-11D3-BF4B-00C04F79EFBC}") = "GContactsSyncLib", "GContactsSyncLib\GContactsSyncLib.csproj", "{3698215C-7E83-4D1D-8876-3C795BA7474E}"
EndProject
Global
	GlobalSection(SolutionConfigurationPlatforms) = preSolution
		Debug|Any CPU = Debug|Any CPU
		Release|Any CPU = Release|Any CPU
	EndGlobalSection
	GlobalSection(ProjectConfigurationPlatforms) = postSolution
		{8A8F3E6B-B0F1-414C-8278-DF9B8178C2EF}.Debug|Any CPU.ActiveCfg = Debug|Any CPU
		{8A8F3E6B-B0F1-414C-8278-DF9B8178C2EF}.Debug|Any CPU.Build.0 = Debug|Any CPU
		{8A8F3E6B-B0F1-414C-8278-DF9B8178C2EF}.Release|Any CPU.ActiveCfg = Release|Any CPU
		{8A8F3E6B-B0F1-414C-8278-DF9B8178C2EF}.Release|Any CPU.Build.0 = Release|Any CPU
		{49B1084F-539C-4A54-95CC-6870FFB7E6F2}.Debug|Any CPU.ActiveCfg = Debug|Any CPU
		{49B1084F-539C-4A54-95CC-6870FFB7E6F2}.Debug|Any CPU.Build.0 = Debug|Any CPU
		{49B1084F-539C-4A54-95CC-6870FFB7E6F2}.Release|Any CPU.ActiveCfg = Release|Any CPU
		{49B1084F-539C-4A54-95CC-6870FFB7E6F2}.Release|Any CPU.Build.0 = Release|Any CPU
		{3698215C-7E83-4D1D-8876-3C795BA7474E}.Debug|Any CPU.ActiveCfg = Debug|Any CPU
		{3698215C-7E83-4D1D-8876-3C795BA7474E}.Debug|Any CPU.Build.0 = Debug|Any CPU
		{3698215C-7E83-4D1D-8876-3C795BA7474E}.Release|Any CPU.ActiveCfg = Release|Any CPU
		{3698215C-7E83-4D1D-8876-3C795BA7474E}.Release|Any CPU.Build.0 = Release|Any CPU
	EndGlobalSection
	GlobalSection(SolutionProperties) = preSolution
		HideSolutionNode = FALSE
	EndGlobalSection
EndGlobal
